
Microsoft Visual Studio Solution File, Format Version 12.00
# Visual Studio Version 17
VisualStudioVersion = 17.6.33712.159
MinimumVisualStudioVersion = 10.0.40219.1
Project("{FAE04EC0-301F-11D3-BF4B-00C04F79EFBC}") = "BackEnd", "BackEnd\BackEnd.csproj", "{7B5EEC5A-169B-424F-BC63-2B0B3AF6509B}"
EndProject
Global
	GlobalSection(SolutionConfigurationPlatforms) = preSolution
		Debug|Any CPU = Debug|Any CPU
		Release|Any CPU = Release|Any CPU
	EndGlobalSection
	GlobalSection(ProjectConfigurationPlatforms) = postSolution
		{7B5EEC5A-169B-424F-BC63-2B0B3AF6509B}.Debug|Any CPU.ActiveCfg = Debug|Any CPU
		{7B5EEC5A-169B-424F-BC63-2B0B3AF6509B}.Debug|Any CPU.Build.0 = Debug|Any CPU
		{7B5EEC5A-169B-424F-BC63-2B0B3AF6509B}.Release|Any CPU.ActiveCfg = Release|Any CPU
		{7B5EEC5A-169B-424F-BC63-2B0B3AF6509B}.Release|Any CPU.Build.0 = Release|Any CPU
	EndGlobalSection
	GlobalSection(SolutionProperties) = preSolution
		HideSolutionNode = FALSE
	EndGlobalSection
	GlobalSection(ExtensibilityGlobals) = postSolution
		SolutionGuid = {86DC904E-BBEB-4FFC-86C2-D934BE8BBFE2}
	EndGlobalSection
EndGlobal
